// !$*UTF8*$!
{
	archiveVersion = 1;
	classes = {
	};
	objectVersion = 56;
	objects = {

/* Begin PBXBuildFile section */
		8800A4852A776886004714AD /* KakaoSDKAuth in Frameworks */ = {isa = PBXBuildFile; productRef = 8800A4842A776886004714AD /* KakaoSDKAuth */; };
		8800A4872A776886004714AD /* KakaoSDKUser in Frameworks */ = {isa = PBXBuildFile; productRef = 8800A4862A776886004714AD /* KakaoSDKUser */; };
		881C05EE2A5FF8C900184AFA /* SearchViewController.swift in Sources */ = {isa = PBXBuildFile; fileRef = 881C05ED2A5FF8C900184AFA /* SearchViewController.swift */; };
		881C05F32A61461D00184AFA /* SearchView.swift in Sources */ = {isa = PBXBuildFile; fileRef = 881C05F22A61461D00184AFA /* SearchView.swift */; };
		881C05F62A61479600184AFA /* UIViewController+Preview.swift in Sources */ = {isa = PBXBuildFile; fileRef = 881C05F52A61479600184AFA /* UIViewController+Preview.swift */; };
		881C05F82A6147AD00184AFA /* UIView+Preview.swift in Sources */ = {isa = PBXBuildFile; fileRef = 881C05F72A6147AD00184AFA /* UIView+Preview.swift */; };
		881C05FA2A61545200184AFA /* NavigationBar.swift in Sources */ = {isa = PBXBuildFile; fileRef = 881C05F92A61545200184AFA /* NavigationBar.swift */; };
		881C05FC2A61560000184AFA /* SearchResultViewController.swift in Sources */ = {isa = PBXBuildFile; fileRef = 881C05FB2A61560000184AFA /* SearchResultViewController.swift */; };
		881C05FF2A61626500184AFA /* Color+Extension.swift in Sources */ = {isa = PBXBuildFile; fileRef = 881C05FE2A61626500184AFA /* Color+Extension.swift */; };
		881C06012A616FB500184AFA /* TabBarController.swift in Sources */ = {isa = PBXBuildFile; fileRef = 881C06002A616FB500184AFA /* TabBarController.swift */; };
		881C06032A61704000184AFA /* DummyViewController.swift in Sources */ = {isa = PBXBuildFile; fileRef = 881C06022A61704000184AFA /* DummyViewController.swift */; };
		881C06052A6178F600184AFA /* HabitJoinVIewController.swift in Sources */ = {isa = PBXBuildFile; fileRef = 881C06042A6178F600184AFA /* HabitJoinVIewController.swift */; };
		881C06072A617C6200184AFA /* SearchResultView.swift in Sources */ = {isa = PBXBuildFile; fileRef = 881C06062A617C6200184AFA /* SearchResultView.swift */; };
		881C06152A62803900184AFA /* UserProfileTableViewCell.swift in Sources */ = {isa = PBXBuildFile; fileRef = 881C06142A62803900184AFA /* UserProfileTableViewCell.swift */; };
		881C06172A62826700184AFA /* ProfileImageViews.swift in Sources */ = {isa = PBXBuildFile; fileRef = 881C06162A62826700184AFA /* ProfileImageViews.swift */; };
		881C06192A62A65B00184AFA /* HabitProfileTableViewCell.swift in Sources */ = {isa = PBXBuildFile; fileRef = 881C06182A62A65B00184AFA /* HabitProfileTableViewCell.swift */; };
		881C061B2A62AB3C00184AFA /* UIImage(SFSymbols)+resize.swift in Sources */ = {isa = PBXBuildFile; fileRef = 881C061A2A62AB3C00184AFA /* UIImage(SFSymbols)+resize.swift */; };
		881C061F2A62D94500184AFA /* UIComponents+setBackgroundColor.swift in Sources */ = {isa = PBXBuildFile; fileRef = 881C061E2A62D94500184AFA /* UIComponents+setBackgroundColor.swift */; };
		881C06212A62E64F00184AFA /* SearchedUserProfile.swift in Sources */ = {isa = PBXBuildFile; fileRef = 881C06202A62E64F00184AFA /* SearchedUserProfile.swift */; };
		881C06232A62E65B00184AFA /* SearchedHabitProfile.swift in Sources */ = {isa = PBXBuildFile; fileRef = 881C06222A62E65B00184AFA /* SearchedHabitProfile.swift */; };
		881D5FC52A742CC100603548 /* HabitAlarmView.swift in Sources */ = {isa = PBXBuildFile; fileRef = 881D5FC42A742CC100603548 /* HabitAlarmView.swift */; };
		881D5FC72A742D0E00603548 /* HabitAlarmViewController.swift in Sources */ = {isa = PBXBuildFile; fileRef = 881D5FC62A742D0E00603548 /* HabitAlarmViewController.swift */; };
		881D5FC92A742EDF00603548 /* AlarmTableViewCell.swift in Sources */ = {isa = PBXBuildFile; fileRef = 881D5FC82A742EDF00603548 /* AlarmTableViewCell.swift */; };
		881D5FCB2A74324200603548 /* AlarmModel.swift in Sources */ = {isa = PBXBuildFile; fileRef = 881D5FCA2A74324200603548 /* AlarmModel.swift */; };
		882AC3BD2A78348A002AD232 /* UIImage+onlyColor.swift in Sources */ = {isa = PBXBuildFile; fileRef = 882AC3BC2A78348A002AD232 /* UIImage+onlyColor.swift */; };
		882B757A2A84EFFC000B3943 /* HabitInfoModel.swift in Sources */ = {isa = PBXBuildFile; fileRef = 882B75792A84EFFC000B3943 /* HabitInfoModel.swift */; };
		882B757E2A862A6A000B3943 /* UIImage + CircularCrop.swift in Sources */ = {isa = PBXBuildFile; fileRef = 882B757D2A862A6A000B3943 /* UIImage + CircularCrop.swift */; };
		883461A12A79576B00F6519D /* DarkStatusBar_NavigationController.swift in Sources */ = {isa = PBXBuildFile; fileRef = 883461A02A79576B00F6519D /* DarkStatusBar_NavigationController.swift */; };
		88371A722A702C650056BB5A /* MemberModel.swift in Sources */ = {isa = PBXBuildFile; fileRef = 88371A712A702C650056BB5A /* MemberModel.swift */; };
		88371A742A702D4A0056BB5A /* MemberCollectionViewCell.swift in Sources */ = {isa = PBXBuildFile; fileRef = 88371A732A702D4A0056BB5A /* MemberCollectionViewCell.swift */; };
		88371A762A702D840056BB5A /* HabitDiscoverViewController.swift in Sources */ = {isa = PBXBuildFile; fileRef = 88371A752A702D840056BB5A /* HabitDiscoverViewController.swift */; };
		884835892A7109A000B73E28 /* HabitCategory.swift in Sources */ = {isa = PBXBuildFile; fileRef = 884835882A7109A000B73E28 /* HabitCategory.swift */; };
		8848358F2A713DBE00B73E28 /* HabitCardCollectionViewCell.swift in Sources */ = {isa = PBXBuildFile; fileRef = 8848358E2A713DBE00B73E28 /* HabitCardCollectionViewCell.swift */; };
		884835932A715D6F00B73E28 /* HorizontalPickerViewCell.swift in Sources */ = {isa = PBXBuildFile; fileRef = 884835922A715D6F00B73E28 /* HorizontalPickerViewCell.swift */; };
		885026172A73C1D100974094 /* HabitCardModel.swift in Sources */ = {isa = PBXBuildFile; fileRef = 885026162A73C1D100974094 /* HabitCardModel.swift */; };
		88804CC62A7F9EBD00562E35 /* ColorToggleButton.swift in Sources */ = {isa = PBXBuildFile; fileRef = 88804CC52A7F9EBD00562E35 /* ColorToggleButton.swift */; };
		88804CC82A7FE3D900562E35 /* Date + Extension.swift in Sources */ = {isa = PBXBuildFile; fileRef = 88804CC72A7FE3D900562E35 /* Date + Extension.swift */; };
		88804CCA2A7FFACD00562E35 /* HC_chooseDateView.swift in Sources */ = {isa = PBXBuildFile; fileRef = 88804CC92A7FFACD00562E35 /* HC_chooseDateView.swift */; };
		88804CCC2A7FFBBF00562E35 /* HC_chooseDateViewController.swift in Sources */ = {isa = PBXBuildFile; fileRef = 88804CCB2A7FFBBF00562E35 /* HC_chooseDateViewController.swift */; };
		888FB2A62A84177100930987 /* FlowDataManager.swift in Sources */ = {isa = PBXBuildFile; fileRef = 888FB2A52A84177100930987 /* FlowDataManager.swift */; };
		88A64C0F2A7A733E00292ED6 /* CALayer+addBorder.swift in Sources */ = {isa = PBXBuildFile; fileRef = 88A64C0E2A7A733E00292ED6 /* CALayer+addBorder.swift */; };
		88A64C112A7A8CA600292ED6 /* HabitDescView.swift in Sources */ = {isa = PBXBuildFile; fileRef = 88A64C102A7A8CA600292ED6 /* HabitDescView.swift */; };
		88BDD3242A82B27C0082A961 /* HC_selectFriednsView.swift in Sources */ = {isa = PBXBuildFile; fileRef = 88BDD3232A82B27C0082A961 /* HC_selectFriednsView.swift */; };
		88BDD3262A82B3180082A961 /* HC_selectFriendsViewController.swift in Sources */ = {isa = PBXBuildFile; fileRef = 88BDD3252A82B3180082A961 /* HC_selectFriendsViewController.swift */; };
		88BDD3282A82B84D0082A961 /* HC_MemberCollectionViewCell.swift in Sources */ = {isa = PBXBuildFile; fileRef = 88BDD3272A82B84D0082A961 /* HC_MemberCollectionViewCell.swift */; };
		88BDD32A2A82BE770082A961 /* HC_noFriendsView.swift in Sources */ = {isa = PBXBuildFile; fileRef = 88BDD3292A82BE770082A961 /* HC_noFriendsView.swift */; };
		88BDD32C2A82BEA40082A961 /* HC_noFriednsViewController.swift in Sources */ = {isa = PBXBuildFile; fileRef = 88BDD32B2A82BEA40082A961 /* HC_noFriednsViewController.swift */; };
		88BDD32E2A82C3760082A961 /* HC_finalView.swift in Sources */ = {isa = PBXBuildFile; fileRef = 88BDD32D2A82C3760082A961 /* HC_finalView.swift */; };
		88BDD3302A82C3AD0082A961 /* HC_finalViewController.swift in Sources */ = {isa = PBXBuildFile; fileRef = 88BDD32F2A82C3AD0082A961 /* HC_finalViewController.swift */; };
		88BFEC0E2A66990F004F2C11 /* CustomSegmentControlView.swift in Sources */ = {isa = PBXBuildFile; fileRef = 88BFEC0D2A66990F004F2C11 /* CustomSegmentControlView.swift */; };
		88DA7EB12A6F6C300011AF43 /* HabitDiscoverView.swift in Sources */ = {isa = PBXBuildFile; fileRef = 88DA7EB02A6F6C300011AF43 /* HabitDiscoverView.swift */; };
		88DCCAE92A6A5D21003C3F15 /* RecentSearchTableViewCell.swift in Sources */ = {isa = PBXBuildFile; fileRef = 88DCCAE82A6A5D21003C3F15 /* RecentSearchTableViewCell.swift */; };
		88DCCAEB2A6A5FB4003C3F15 /* SearchedText.swift in Sources */ = {isa = PBXBuildFile; fileRef = 88DCCAEA2A6A5FB4003C3F15 /* SearchedText.swift */; };
		88DCCAF32A6AF0AD003C3F15 /* SheetPresentationController.swift in Sources */ = {isa = PBXBuildFile; fileRef = 88DCCAF22A6AF0AD003C3F15 /* SheetPresentationController.swift */; };
		88DCCAF72A6AF43C003C3F15 /* BottomSheetView(lofi).swift in Sources */ = {isa = PBXBuildFile; fileRef = 88DCCAF62A6AF43C003C3F15 /* BottomSheetView(lofi).swift */; };
		88E2B9B42A6BBF170039CF68 /* DeviceScreenSize.swift in Sources */ = {isa = PBXBuildFile; fileRef = 88E2B9B32A6BBF170039CF68 /* DeviceScreenSize.swift */; };
		88E653972A80151A00ABF9D9 /* HC_memberCountView.swift in Sources */ = {isa = PBXBuildFile; fileRef = 88E653962A80151A00ABF9D9 /* HC_memberCountView.swift */; };
		88E653992A80155D00ABF9D9 /* HC_memberCountViewController.swift in Sources */ = {isa = PBXBuildFile; fileRef = 88E653982A80155D00ABF9D9 /* HC_memberCountViewController.swift */; };
		88FE2D272A7ED3EF00C475A7 /* HC_chooseTimeView.swift in Sources */ = {isa = PBXBuildFile; fileRef = 88FE2D232A7ED3EF00C475A7 /* HC_chooseTimeView.swift */; };
		88FE2D282A7ED3EF00C475A7 /* HC_chooseTypeView.swift in Sources */ = {isa = PBXBuildFile; fileRef = 88FE2D242A7ED3EF00C475A7 /* HC_chooseTypeView.swift */; };
		88FE2D292A7ED3EF00C475A7 /* HC_introduceView.swift in Sources */ = {isa = PBXBuildFile; fileRef = 88FE2D252A7ED3EF00C475A7 /* HC_introduceView.swift */; };
		88FE2D2A2A7ED3EF00C475A7 /* HC_chooseCategoryView.swift in Sources */ = {isa = PBXBuildFile; fileRef = 88FE2D262A7ED3EF00C475A7 /* HC_chooseCategoryView.swift */; };
		88FE2D2D2A7ED44300C475A7 /* HabitCreateFlowButton.swift in Sources */ = {isa = PBXBuildFile; fileRef = 88FE2D2B2A7ED44300C475A7 /* HabitCreateFlowButton.swift */; };
		88FE2D2E2A7ED44300C475A7 /* HC_categoryCollectionViewCell.swift in Sources */ = {isa = PBXBuildFile; fileRef = 88FE2D2C2A7ED44300C475A7 /* HC_categoryCollectionViewCell.swift */; };
		88FE2D352A7ED46600C475A7 /* HC_introduceViewController.swift in Sources */ = {isa = PBXBuildFile; fileRef = 88FE2D302A7ED46600C475A7 /* HC_introduceViewController.swift */; };
		88FE2D362A7ED46600C475A7 /* HC_chooseTypeViewController.swift in Sources */ = {isa = PBXBuildFile; fileRef = 88FE2D312A7ED46600C475A7 /* HC_chooseTypeViewController.swift */; };
		88FE2D372A7ED46600C475A7 /* HC_chooseCategoryViewController.swift in Sources */ = {isa = PBXBuildFile; fileRef = 88FE2D322A7ED46600C475A7 /* HC_chooseCategoryViewController.swift */; };
		88FE2D382A7ED46600C475A7 /* HC_chooseTimeViewController.swift in Sources */ = {isa = PBXBuildFile; fileRef = 88FE2D332A7ED46600C475A7 /* HC_chooseTimeViewController.swift */; };
		88FE2D3A2A7ED4AD00C475A7 /* HC_Category.swift in Sources */ = {isa = PBXBuildFile; fileRef = 88FE2D392A7ED4AD00C475A7 /* HC_Category.swift */; };
		88FE2D4F2A7EF18F00C475A7 /* LoginViewController.swift in Sources */ = {isa = PBXBuildFile; fileRef = 88FE2D4C2A7EF18E00C475A7 /* LoginViewController.swift */; };
		88FE2D502A7EF18F00C475A7 /* SetUsernameViewController.swift in Sources */ = {isa = PBXBuildFile; fileRef = 88FE2D4D2A7EF18F00C475A7 /* SetUsernameViewController.swift */; };
		88FE2D512A7EF18F00C475A7 /* TermsViewController.swift in Sources */ = {isa = PBXBuildFile; fileRef = 88FE2D4E2A7EF18F00C475A7 /* TermsViewController.swift */; };
		B6394E932A86A2F30040B8FF /* CamerManager.swift in Sources */ = {isa = PBXBuildFile; fileRef = B6394E922A86A2F30040B8FF /* CamerManager.swift */; };
		B63C63B02A7B4ACB00AF09CA /* LetterSpacing.swift in Sources */ = {isa = PBXBuildFile; fileRef = B63C63AF2A7B4ACB00AF09CA /* LetterSpacing.swift */; };
		B63C63B22A7B5C0F00AF09CA /* FigmaShadow.swift in Sources */ = {isa = PBXBuildFile; fileRef = B63C63B12A7B5C0E00AF09CA /* FigmaShadow.swift */; };
		B64993152A5D3EDC0061C47E /* AppDelegate.swift in Sources */ = {isa = PBXBuildFile; fileRef = B64993142A5D3EDC0061C47E /* AppDelegate.swift */; };
		B64993172A5D3EDC0061C47E /* SceneDelegate.swift in Sources */ = {isa = PBXBuildFile; fileRef = B64993162A5D3EDC0061C47E /* SceneDelegate.swift */; };
		B64993192A5D3EDC0061C47E /* ViewController.swift in Sources */ = {isa = PBXBuildFile; fileRef = B64993182A5D3EDC0061C47E /* ViewController.swift */; };
		B649931E2A5D3EDC0061C47E /* Assets.xcassets in Resources */ = {isa = PBXBuildFile; fileRef = B649931D2A5D3EDC0061C47E /* Assets.xcassets */; };
		B64993212A5D3EDC0061C47E /* LaunchScreen.storyboard in Resources */ = {isa = PBXBuildFile; fileRef = B649931F2A5D3EDC0061C47E /* LaunchScreen.storyboard */; };
		B649932A2A5D41E40061C47E /* SnapKit in Frameworks */ = {isa = PBXBuildFile; productRef = B64993292A5D41E40061C47E /* SnapKit */; };
		B6927E2E2A85344200B8BC4F /* ParticipatingViewController.swift in Sources */ = {isa = PBXBuildFile; fileRef = B6927E2D2A85344200B8BC4F /* ParticipatingViewController.swift */; };
		B6927E302A8534D500B8BC4F /* StringHalfColor.swift in Sources */ = {isa = PBXBuildFile; fileRef = B6927E2F2A8534D500B8BC4F /* StringHalfColor.swift */; };
		B6927E322A85528300B8BC4F /* ParticipatingMemberCollectionView.swift in Sources */ = {isa = PBXBuildFile; fileRef = B6927E312A85528300B8BC4F /* ParticipatingMemberCollectionView.swift */; };
		B6927E342A8552AD00B8BC4F /* ParticipatingMemberViewCell.swift in Sources */ = {isa = PBXBuildFile; fileRef = B6927E332A8552AD00B8BC4F /* ParticipatingMemberViewCell.swift */; };
		B6927E362A8575D100B8BC4F /* PaddingLabel.swift in Sources */ = {isa = PBXBuildFile; fileRef = B6927E352A8575D100B8BC4F /* PaddingLabel.swift */; };
		B6C283342A7260B9007FE619 /* CarouselViewController.swift in Sources */ = {isa = PBXBuildFile; fileRef = B6C283332A7260B9007FE619 /* CarouselViewController.swift */; };
		B6C283402A72C3AC007FE619 /* CardViewCell.swift in Sources */ = {isa = PBXBuildFile; fileRef = B6C2833F2A72C3AC007FE619 /* CardViewCell.swift */; };
		B6C283422A72C7C1007FE619 /* CarouselItem.swift in Sources */ = {isa = PBXBuildFile; fileRef = B6C283412A72C7C1007FE619 /* CarouselItem.swift */; };
		B6CAF8822A7CB2C700448673 /* CircularProgressView.swift in Sources */ = {isa = PBXBuildFile; fileRef = B6CAF8812A7CB2C700448673 /* CircularProgressView.swift */; };
		B6CAF8842A7CCFD200448673 /* TimelineViewController.swift in Sources */ = {isa = PBXBuildFile; fileRef = B6CAF8832A7CCFD200448673 /* TimelineViewController.swift */; };
		B6D584A02A720C16008862AC /* HomeTextBoxView.swift in Sources */ = {isa = PBXBuildFile; fileRef = B6D5849F2A720C16008862AC /* HomeTextBoxView.swift */; };
		B6D584A22A720DE4008862AC /* HomeViewController.swift in Sources */ = {isa = PBXBuildFile; fileRef = B6D584A12A720DE4008862AC /* HomeViewController.swift */; };
		B6D87A602A8408780099005E /* WaitingViewController.swift in Sources */ = {isa = PBXBuildFile; fileRef = B6D87A5F2A8408780099005E /* WaitingViewController.swift */; };
		B6D87A622A8408850099005E /* WaitingMemberCollectionViewCell.swift in Sources */ = {isa = PBXBuildFile; fileRef = B6D87A612A8408850099005E /* WaitingMemberCollectionViewCell.swift */; };
/* End PBXBuildFile section */

/* Begin PBXFileReference section */
		8800A4822A7767F6004714AD /* Ourtine.entitlements */ = {isa = PBXFileReference; lastKnownFileType = text.plist.entitlements; path = Ourtine.entitlements; sourceTree = "<group>"; };
		881C05ED2A5FF8C900184AFA /* SearchViewController.swift */ = {isa = PBXFileReference; lastKnownFileType = sourcecode.swift; path = SearchViewController.swift; sourceTree = "<group>"; };
		881C05F22A61461D00184AFA /* SearchView.swift */ = {isa = PBXFileReference; lastKnownFileType = sourcecode.swift; path = SearchView.swift; sourceTree = "<group>"; };
		881C05F52A61479600184AFA /* UIViewController+Preview.swift */ = {isa = PBXFileReference; lastKnownFileType = sourcecode.swift; path = "UIViewController+Preview.swift"; sourceTree = "<group>"; };
		881C05F72A6147AD00184AFA /* UIView+Preview.swift */ = {isa = PBXFileReference; lastKnownFileType = sourcecode.swift; path = "UIView+Preview.swift"; sourceTree = "<group>"; };
		881C05F92A61545200184AFA /* NavigationBar.swift */ = {isa = PBXFileReference; lastKnownFileType = sourcecode.swift; path = NavigationBar.swift; sourceTree = "<group>"; };
		881C05FB2A61560000184AFA /* SearchResultViewController.swift */ = {isa = PBXFileReference; lastKnownFileType = sourcecode.swift; path = SearchResultViewController.swift; sourceTree = "<group>"; };
		881C05FE2A61626500184AFA /* Color+Extension.swift */ = {isa = PBXFileReference; lastKnownFileType = sourcecode.swift; path = "Color+Extension.swift"; sourceTree = "<group>"; };
		881C06002A616FB500184AFA /* TabBarController.swift */ = {isa = PBXFileReference; lastKnownFileType = sourcecode.swift; path = TabBarController.swift; sourceTree = "<group>"; };
		881C06022A61704000184AFA /* DummyViewController.swift */ = {isa = PBXFileReference; lastKnownFileType = sourcecode.swift; path = DummyViewController.swift; sourceTree = "<group>"; };
		881C06042A6178F600184AFA /* HabitJoinVIewController.swift */ = {isa = PBXFileReference; lastKnownFileType = sourcecode.swift; path = HabitJoinVIewController.swift; sourceTree = "<group>"; };
		881C06062A617C6200184AFA /* SearchResultView.swift */ = {isa = PBXFileReference; lastKnownFileType = sourcecode.swift; path = SearchResultView.swift; sourceTree = "<group>"; };
		881C06142A62803900184AFA /* UserProfileTableViewCell.swift */ = {isa = PBXFileReference; lastKnownFileType = sourcecode.swift; path = UserProfileTableViewCell.swift; sourceTree = "<group>"; };
		881C06162A62826700184AFA /* ProfileImageViews.swift */ = {isa = PBXFileReference; lastKnownFileType = sourcecode.swift; path = ProfileImageViews.swift; sourceTree = "<group>"; };
		881C06182A62A65B00184AFA /* HabitProfileTableViewCell.swift */ = {isa = PBXFileReference; lastKnownFileType = sourcecode.swift; path = HabitProfileTableViewCell.swift; sourceTree = "<group>"; };
		881C061A2A62AB3C00184AFA /* UIImage(SFSymbols)+resize.swift */ = {isa = PBXFileReference; lastKnownFileType = sourcecode.swift; path = "UIImage(SFSymbols)+resize.swift"; sourceTree = "<group>"; };
		881C061E2A62D94500184AFA /* UIComponents+setBackgroundColor.swift */ = {isa = PBXFileReference; lastKnownFileType = sourcecode.swift; path = "UIComponents+setBackgroundColor.swift"; sourceTree = "<group>"; };
		881C06202A62E64F00184AFA /* SearchedUserProfile.swift */ = {isa = PBXFileReference; lastKnownFileType = sourcecode.swift; path = SearchedUserProfile.swift; sourceTree = "<group>"; };
		881C06222A62E65B00184AFA /* SearchedHabitProfile.swift */ = {isa = PBXFileReference; lastKnownFileType = sourcecode.swift; path = SearchedHabitProfile.swift; sourceTree = "<group>"; };
		881D5FC42A742CC100603548 /* HabitAlarmView.swift */ = {isa = PBXFileReference; lastKnownFileType = sourcecode.swift; path = HabitAlarmView.swift; sourceTree = "<group>"; };
		881D5FC62A742D0E00603548 /* HabitAlarmViewController.swift */ = {isa = PBXFileReference; lastKnownFileType = sourcecode.swift; path = HabitAlarmViewController.swift; sourceTree = "<group>"; };
		881D5FC82A742EDF00603548 /* AlarmTableViewCell.swift */ = {isa = PBXFileReference; lastKnownFileType = sourcecode.swift; path = AlarmTableViewCell.swift; sourceTree = "<group>"; };
		881D5FCA2A74324200603548 /* AlarmModel.swift */ = {isa = PBXFileReference; lastKnownFileType = sourcecode.swift; path = AlarmModel.swift; sourceTree = "<group>"; };
		882AC3BC2A78348A002AD232 /* UIImage+onlyColor.swift */ = {isa = PBXFileReference; lastKnownFileType = sourcecode.swift; path = "UIImage+onlyColor.swift"; sourceTree = "<group>"; };
		882B75792A84EFFC000B3943 /* HabitInfoModel.swift */ = {isa = PBXFileReference; lastKnownFileType = sourcecode.swift; path = HabitInfoModel.swift; sourceTree = "<group>"; };
		882B757D2A862A6A000B3943 /* UIImage + CircularCrop.swift */ = {isa = PBXFileReference; lastKnownFileType = sourcecode.swift; path = "UIImage + CircularCrop.swift"; sourceTree = "<group>"; };
		883461A02A79576B00F6519D /* DarkStatusBar_NavigationController.swift */ = {isa = PBXFileReference; lastKnownFileType = sourcecode.swift; path = DarkStatusBar_NavigationController.swift; sourceTree = "<group>"; };
		88371A712A702C650056BB5A /* MemberModel.swift */ = {isa = PBXFileReference; lastKnownFileType = sourcecode.swift; path = MemberModel.swift; sourceTree = "<group>"; };
		88371A732A702D4A0056BB5A /* MemberCollectionViewCell.swift */ = {isa = PBXFileReference; lastKnownFileType = sourcecode.swift; path = MemberCollectionViewCell.swift; sourceTree = "<group>"; };
		88371A752A702D840056BB5A /* HabitDiscoverViewController.swift */ = {isa = PBXFileReference; lastKnownFileType = sourcecode.swift; path = HabitDiscoverViewController.swift; sourceTree = "<group>"; };
		884835882A7109A000B73E28 /* HabitCategory.swift */ = {isa = PBXFileReference; lastKnownFileType = sourcecode.swift; path = HabitCategory.swift; sourceTree = "<group>"; };
		8848358E2A713DBE00B73E28 /* HabitCardCollectionViewCell.swift */ = {isa = PBXFileReference; lastKnownFileType = sourcecode.swift; path = HabitCardCollectionViewCell.swift; sourceTree = "<group>"; };
		884835922A715D6F00B73E28 /* HorizontalPickerViewCell.swift */ = {isa = PBXFileReference; lastKnownFileType = sourcecode.swift; path = HorizontalPickerViewCell.swift; sourceTree = "<group>"; };
		885026162A73C1D100974094 /* HabitCardModel.swift */ = {isa = PBXFileReference; lastKnownFileType = sourcecode.swift; path = HabitCardModel.swift; sourceTree = "<group>"; };
		88804CC52A7F9EBD00562E35 /* ColorToggleButton.swift */ = {isa = PBXFileReference; lastKnownFileType = sourcecode.swift; path = ColorToggleButton.swift; sourceTree = "<group>"; };
		88804CC72A7FE3D900562E35 /* Date + Extension.swift */ = {isa = PBXFileReference; lastKnownFileType = sourcecode.swift; path = "Date + Extension.swift"; sourceTree = "<group>"; };
		88804CC92A7FFACD00562E35 /* HC_chooseDateView.swift */ = {isa = PBXFileReference; lastKnownFileType = sourcecode.swift; path = HC_chooseDateView.swift; sourceTree = "<group>"; };
		88804CCB2A7FFBBF00562E35 /* HC_chooseDateViewController.swift */ = {isa = PBXFileReference; lastKnownFileType = sourcecode.swift; path = HC_chooseDateViewController.swift; sourceTree = "<group>"; };
		888FB2A52A84177100930987 /* FlowDataManager.swift */ = {isa = PBXFileReference; lastKnownFileType = sourcecode.swift; path = FlowDataManager.swift; sourceTree = "<group>"; };
		88A64C0E2A7A733E00292ED6 /* CALayer+addBorder.swift */ = {isa = PBXFileReference; lastKnownFileType = sourcecode.swift; path = "CALayer+addBorder.swift"; sourceTree = "<group>"; };
		88A64C102A7A8CA600292ED6 /* HabitDescView.swift */ = {isa = PBXFileReference; lastKnownFileType = sourcecode.swift; path = HabitDescView.swift; sourceTree = "<group>"; };
		88BDD3232A82B27C0082A961 /* HC_selectFriednsView.swift */ = {isa = PBXFileReference; lastKnownFileType = sourcecode.swift; path = HC_selectFriednsView.swift; sourceTree = "<group>"; };
		88BDD3252A82B3180082A961 /* HC_selectFriendsViewController.swift */ = {isa = PBXFileReference; lastKnownFileType = sourcecode.swift; path = HC_selectFriendsViewController.swift; sourceTree = "<group>"; };
		88BDD3272A82B84D0082A961 /* HC_MemberCollectionViewCell.swift */ = {isa = PBXFileReference; lastKnownFileType = sourcecode.swift; path = HC_MemberCollectionViewCell.swift; sourceTree = "<group>"; };
		88BDD3292A82BE770082A961 /* HC_noFriendsView.swift */ = {isa = PBXFileReference; lastKnownFileType = sourcecode.swift; path = HC_noFriendsView.swift; sourceTree = "<group>"; };
		88BDD32B2A82BEA40082A961 /* HC_noFriednsViewController.swift */ = {isa = PBXFileReference; lastKnownFileType = sourcecode.swift; path = HC_noFriednsViewController.swift; sourceTree = "<group>"; };
		88BDD32D2A82C3760082A961 /* HC_finalView.swift */ = {isa = PBXFileReference; lastKnownFileType = sourcecode.swift; path = HC_finalView.swift; sourceTree = "<group>"; };
		88BDD32F2A82C3AD0082A961 /* HC_finalViewController.swift */ = {isa = PBXFileReference; lastKnownFileType = sourcecode.swift; path = HC_finalViewController.swift; sourceTree = "<group>"; };
		88BFEC0D2A66990F004F2C11 /* CustomSegmentControlView.swift */ = {isa = PBXFileReference; lastKnownFileType = sourcecode.swift; path = CustomSegmentControlView.swift; sourceTree = "<group>"; };
		88DA7EB02A6F6C300011AF43 /* HabitDiscoverView.swift */ = {isa = PBXFileReference; lastKnownFileType = sourcecode.swift; path = HabitDiscoverView.swift; sourceTree = "<group>"; };
		88DCCAE82A6A5D21003C3F15 /* RecentSearchTableViewCell.swift */ = {isa = PBXFileReference; lastKnownFileType = sourcecode.swift; path = RecentSearchTableViewCell.swift; sourceTree = "<group>"; };
		88DCCAEA2A6A5FB4003C3F15 /* SearchedText.swift */ = {isa = PBXFileReference; lastKnownFileType = sourcecode.swift; path = SearchedText.swift; sourceTree = "<group>"; };
		88DCCAF22A6AF0AD003C3F15 /* SheetPresentationController.swift */ = {isa = PBXFileReference; lastKnownFileType = sourcecode.swift; path = SheetPresentationController.swift; sourceTree = "<group>"; };
		88DCCAF62A6AF43C003C3F15 /* BottomSheetView(lofi).swift */ = {isa = PBXFileReference; lastKnownFileType = sourcecode.swift; path = "BottomSheetView(lofi).swift"; sourceTree = "<group>"; };
		88E2B9B32A6BBF170039CF68 /* DeviceScreenSize.swift */ = {isa = PBXFileReference; lastKnownFileType = sourcecode.swift; path = DeviceScreenSize.swift; sourceTree = "<group>"; };
		88E653962A80151A00ABF9D9 /* HC_memberCountView.swift */ = {isa = PBXFileReference; lastKnownFileType = sourcecode.swift; path = HC_memberCountView.swift; sourceTree = "<group>"; };
		88E653982A80155D00ABF9D9 /* HC_memberCountViewController.swift */ = {isa = PBXFileReference; lastKnownFileType = sourcecode.swift; path = HC_memberCountViewController.swift; sourceTree = "<group>"; };
		88FE2D232A7ED3EF00C475A7 /* HC_chooseTimeView.swift */ = {isa = PBXFileReference; fileEncoding = 4; lastKnownFileType = sourcecode.swift; path = HC_chooseTimeView.swift; sourceTree = "<group>"; };
		88FE2D242A7ED3EF00C475A7 /* HC_chooseTypeView.swift */ = {isa = PBXFileReference; fileEncoding = 4; lastKnownFileType = sourcecode.swift; path = HC_chooseTypeView.swift; sourceTree = "<group>"; };
		88FE2D252A7ED3EF00C475A7 /* HC_introduceView.swift */ = {isa = PBXFileReference; fileEncoding = 4; lastKnownFileType = sourcecode.swift; path = HC_introduceView.swift; sourceTree = "<group>"; };
		88FE2D262A7ED3EF00C475A7 /* HC_chooseCategoryView.swift */ = {isa = PBXFileReference; fileEncoding = 4; lastKnownFileType = sourcecode.swift; path = HC_chooseCategoryView.swift; sourceTree = "<group>"; };
		88FE2D2B2A7ED44300C475A7 /* HabitCreateFlowButton.swift */ = {isa = PBXFileReference; fileEncoding = 4; lastKnownFileType = sourcecode.swift; path = HabitCreateFlowButton.swift; sourceTree = "<group>"; };
		88FE2D2C2A7ED44300C475A7 /* HC_categoryCollectionViewCell.swift */ = {isa = PBXFileReference; fileEncoding = 4; lastKnownFileType = sourcecode.swift; path = HC_categoryCollectionViewCell.swift; sourceTree = "<group>"; };
		88FE2D302A7ED46600C475A7 /* HC_introduceViewController.swift */ = {isa = PBXFileReference; fileEncoding = 4; lastKnownFileType = sourcecode.swift; path = HC_introduceViewController.swift; sourceTree = "<group>"; };
		88FE2D312A7ED46600C475A7 /* HC_chooseTypeViewController.swift */ = {isa = PBXFileReference; fileEncoding = 4; lastKnownFileType = sourcecode.swift; path = HC_chooseTypeViewController.swift; sourceTree = "<group>"; };
		88FE2D322A7ED46600C475A7 /* HC_chooseCategoryViewController.swift */ = {isa = PBXFileReference; fileEncoding = 4; lastKnownFileType = sourcecode.swift; path = HC_chooseCategoryViewController.swift; sourceTree = "<group>"; };
		88FE2D332A7ED46600C475A7 /* HC_chooseTimeViewController.swift */ = {isa = PBXFileReference; fileEncoding = 4; lastKnownFileType = sourcecode.swift; path = HC_chooseTimeViewController.swift; sourceTree = "<group>"; };
		88FE2D392A7ED4AD00C475A7 /* HC_Category.swift */ = {isa = PBXFileReference; fileEncoding = 4; lastKnownFileType = sourcecode.swift; path = HC_Category.swift; sourceTree = "<group>"; usesTabs = 0; };
		88FE2D4C2A7EF18E00C475A7 /* LoginViewController.swift */ = {isa = PBXFileReference; fileEncoding = 4; lastKnownFileType = sourcecode.swift; path = LoginViewController.swift; sourceTree = "<group>"; };
		88FE2D4D2A7EF18F00C475A7 /* SetUsernameViewController.swift */ = {isa = PBXFileReference; fileEncoding = 4; lastKnownFileType = sourcecode.swift; path = SetUsernameViewController.swift; sourceTree = "<group>"; };
		88FE2D4E2A7EF18F00C475A7 /* TermsViewController.swift */ = {isa = PBXFileReference; fileEncoding = 4; lastKnownFileType = sourcecode.swift; path = TermsViewController.swift; sourceTree = "<group>"; };
		B6394E922A86A2F30040B8FF /* CamerManager.swift */ = {isa = PBXFileReference; lastKnownFileType = sourcecode.swift; path = CamerManager.swift; sourceTree = "<group>"; };
		B63C63AF2A7B4ACB00AF09CA /* LetterSpacing.swift */ = {isa = PBXFileReference; lastKnownFileType = sourcecode.swift; path = LetterSpacing.swift; sourceTree = "<group>"; };
		B63C63B12A7B5C0E00AF09CA /* FigmaShadow.swift */ = {isa = PBXFileReference; lastKnownFileType = sourcecode.swift; path = FigmaShadow.swift; sourceTree = "<group>"; };
		B64993112A5D3EDC0061C47E /* Ourtine.app */ = {isa = PBXFileReference; explicitFileType = wrapper.application; includeInIndex = 0; path = Ourtine.app; sourceTree = BUILT_PRODUCTS_DIR; };
		B64993142A5D3EDC0061C47E /* AppDelegate.swift */ = {isa = PBXFileReference; lastKnownFileType = sourcecode.swift; path = AppDelegate.swift; sourceTree = "<group>"; };
		B64993162A5D3EDC0061C47E /* SceneDelegate.swift */ = {isa = PBXFileReference; lastKnownFileType = sourcecode.swift; path = SceneDelegate.swift; sourceTree = "<group>"; };
		B64993182A5D3EDC0061C47E /* ViewController.swift */ = {isa = PBXFileReference; lastKnownFileType = sourcecode.swift; path = ViewController.swift; sourceTree = "<group>"; };
		B649931D2A5D3EDC0061C47E /* Assets.xcassets */ = {isa = PBXFileReference; lastKnownFileType = folder.assetcatalog; path = Assets.xcassets; sourceTree = "<group>"; };
		B64993202A5D3EDC0061C47E /* Base */ = {isa = PBXFileReference; lastKnownFileType = file.storyboard; name = Base; path = Base.lproj/LaunchScreen.storyboard; sourceTree = "<group>"; };
		B64993222A5D3EDC0061C47E /* Info.plist */ = {isa = PBXFileReference; lastKnownFileType = text.plist.xml; path = Info.plist; sourceTree = "<group>"; };
		B6927E2D2A85344200B8BC4F /* ParticipatingViewController.swift */ = {isa = PBXFileReference; lastKnownFileType = sourcecode.swift; path = ParticipatingViewController.swift; sourceTree = "<group>"; };
		B6927E2F2A8534D500B8BC4F /* StringHalfColor.swift */ = {isa = PBXFileReference; lastKnownFileType = sourcecode.swift; path = StringHalfColor.swift; sourceTree = "<group>"; };
		B6927E312A85528300B8BC4F /* ParticipatingMemberCollectionView.swift */ = {isa = PBXFileReference; lastKnownFileType = sourcecode.swift; path = ParticipatingMemberCollectionView.swift; sourceTree = "<group>"; };
		B6927E332A8552AD00B8BC4F /* ParticipatingMemberViewCell.swift */ = {isa = PBXFileReference; lastKnownFileType = sourcecode.swift; path = ParticipatingMemberViewCell.swift; sourceTree = "<group>"; };
		B6927E352A8575D100B8BC4F /* PaddingLabel.swift */ = {isa = PBXFileReference; lastKnownFileType = sourcecode.swift; path = PaddingLabel.swift; sourceTree = "<group>"; };
		B6C283332A7260B9007FE619 /* CarouselViewController.swift */ = {isa = PBXFileReference; lastKnownFileType = sourcecode.swift; path = CarouselViewController.swift; sourceTree = "<group>"; };
		B6C2833F2A72C3AC007FE619 /* CardViewCell.swift */ = {isa = PBXFileReference; lastKnownFileType = sourcecode.swift; path = CardViewCell.swift; sourceTree = "<group>"; };
		B6C283412A72C7C1007FE619 /* CarouselItem.swift */ = {isa = PBXFileReference; lastKnownFileType = sourcecode.swift; path = CarouselItem.swift; sourceTree = "<group>"; };
		B6CAF8812A7CB2C700448673 /* CircularProgressView.swift */ = {isa = PBXFileReference; lastKnownFileType = sourcecode.swift; path = CircularProgressView.swift; sourceTree = "<group>"; };
		B6CAF8832A7CCFD200448673 /* TimelineViewController.swift */ = {isa = PBXFileReference; lastKnownFileType = sourcecode.swift; path = TimelineViewController.swift; sourceTree = "<group>"; };
		B6D5849F2A720C16008862AC /* HomeTextBoxView.swift */ = {isa = PBXFileReference; lastKnownFileType = sourcecode.swift; path = HomeTextBoxView.swift; sourceTree = "<group>"; };
		B6D584A12A720DE4008862AC /* HomeViewController.swift */ = {isa = PBXFileReference; lastKnownFileType = sourcecode.swift; path = HomeViewController.swift; sourceTree = "<group>"; };
		B6D87A5F2A8408780099005E /* WaitingViewController.swift */ = {isa = PBXFileReference; fileEncoding = 4; lastKnownFileType = sourcecode.swift; path = WaitingViewController.swift; sourceTree = "<group>"; };
		B6D87A612A8408850099005E /* WaitingMemberCollectionViewCell.swift */ = {isa = PBXFileReference; fileEncoding = 4; lastKnownFileType = sourcecode.swift; path = WaitingMemberCollectionViewCell.swift; sourceTree = "<group>"; };
/* End PBXFileReference section */

/* Begin PBXFrameworksBuildPhase section */
		B649930E2A5D3EDC0061C47E /* Frameworks */ = {
			isa = PBXFrameworksBuildPhase;
			buildActionMask = 2147483647;
			files = (
				B649932A2A5D41E40061C47E /* SnapKit in Frameworks */,
				8800A4852A776886004714AD /* KakaoSDKAuth in Frameworks */,
				8800A4872A776886004714AD /* KakaoSDKUser in Frameworks */,
			);
			runOnlyForDeploymentPostprocessing = 0;
		};
/* End PBXFrameworksBuildPhase section */

/* Begin PBXGroup section */
		881C05EF2A61439300184AFA /* Model */ = {
			isa = PBXGroup;
			children = (
				881C06242A62E66100184AFA /* DummyModel */,
				88E2B9B32A6BBF170039CF68 /* DeviceScreenSize.swift */,
				888FB2A52A84177100930987 /* FlowDataManager.swift */,
				882B75792A84EFFC000B3943 /* HabitInfoModel.swift */,
			);
			path = Model;
			sourceTree = "<group>";
		};
		881C05F02A61439900184AFA /* View */ = {
			isa = PBXGroup;
			children = (
				881C06252A63A4BD00184AFA /* Reusable */,
				881C05F22A61461D00184AFA /* SearchView.swift */,
				881C06062A617C6200184AFA /* SearchResultView.swift */,
				88DA7EB02A6F6C300011AF43 /* HabitDiscoverView.swift */,
				881D5FC42A742CC100603548 /* HabitAlarmView.swift */,
				B6D5849F2A720C16008862AC /* HomeTextBoxView.swift */,
				88FE2D242A7ED3EF00C475A7 /* HC_chooseTypeView.swift */,
				88FE2D262A7ED3EF00C475A7 /* HC_chooseCategoryView.swift */,
				88FE2D252A7ED3EF00C475A7 /* HC_introduceView.swift */,
				88FE2D232A7ED3EF00C475A7 /* HC_chooseTimeView.swift */,
				88804CC92A7FFACD00562E35 /* HC_chooseDateView.swift */,
				88E653962A80151A00ABF9D9 /* HC_memberCountView.swift */,
				88BDD3232A82B27C0082A961 /* HC_selectFriednsView.swift */,
				88BDD3292A82BE770082A961 /* HC_noFriendsView.swift */,
				88BDD32D2A82C3760082A961 /* HC_finalView.swift */,
				B6927E312A85528300B8BC4F /* ParticipatingMemberCollectionView.swift */,
			);
			path = View;
			sourceTree = "<group>";
		};
		881C05F12A6143A400184AFA /* ViewController */ = {
			isa = PBXGroup;
			children = (
				B6D87A5F2A8408780099005E /* WaitingViewController.swift */,
				881C06122A61E17B00184AFA /* DummyVC */,
				88DCCAF22A6AF0AD003C3F15 /* SheetPresentationController.swift */,
				881C05ED2A5FF8C900184AFA /* SearchViewController.swift */,
				881C05FB2A61560000184AFA /* SearchResultViewController.swift */,
				88371A752A702D840056BB5A /* HabitDiscoverViewController.swift */,
				881D5FC62A742D0E00603548 /* HabitAlarmViewController.swift */,
				B6D584A12A720DE4008862AC /* HomeViewController.swift */,
				B6C283332A7260B9007FE619 /* CarouselViewController.swift */,
				883461A02A79576B00F6519D /* DarkStatusBar_NavigationController.swift */,
				B6CAF8832A7CCFD200448673 /* TimelineViewController.swift */,
				88FE2D4C2A7EF18E00C475A7 /* LoginViewController.swift */,
				88FE2D4D2A7EF18F00C475A7 /* SetUsernameViewController.swift */,
				88FE2D4E2A7EF18F00C475A7 /* TermsViewController.swift */,
				88FE2D312A7ED46600C475A7 /* HC_chooseTypeViewController.swift */,
				88FE2D322A7ED46600C475A7 /* HC_chooseCategoryViewController.swift */,
				88FE2D302A7ED46600C475A7 /* HC_introduceViewController.swift */,
				88FE2D332A7ED46600C475A7 /* HC_chooseTimeViewController.swift */,
				88804CCB2A7FFBBF00562E35 /* HC_chooseDateViewController.swift */,
				88E653982A80155D00ABF9D9 /* HC_memberCountViewController.swift */,
				88BDD3252A82B3180082A961 /* HC_selectFriendsViewController.swift */,
				88BDD32B2A82BEA40082A961 /* HC_noFriednsViewController.swift */,
				88BDD32F2A82C3AD0082A961 /* HC_finalViewController.swift */,
				B6927E2D2A85344200B8BC4F /* ParticipatingViewController.swift */,
			);
			path = ViewController;
			sourceTree = "<group>";
		};
		881C05F42A61477200184AFA /* Utility */ = {
			isa = PBXGroup;
			children = (
				881C05F52A61479600184AFA /* UIViewController+Preview.swift */,
				881C05F72A6147AD00184AFA /* UIView+Preview.swift */,
				881C061A2A62AB3C00184AFA /* UIImage(SFSymbols)+resize.swift */,
				882AC3BC2A78348A002AD232 /* UIImage+onlyColor.swift */,
				88A64C0E2A7A733E00292ED6 /* CALayer+addBorder.swift */,
				B6394E922A86A2F30040B8FF /* CamerManager.swift */,
			);
			path = Utility;
			sourceTree = "<group>";
		};
		881C05FD2A61619800184AFA /* Extension */ = {
			isa = PBXGroup;
			children = (
				881C05FE2A61626500184AFA /* Color+Extension.swift */,
				881C061E2A62D94500184AFA /* UIComponents+setBackgroundColor.swift */,
				B63C63AF2A7B4ACB00AF09CA /* LetterSpacing.swift */,
				B63C63B12A7B5C0E00AF09CA /* FigmaShadow.swift */,
				88804CC72A7FE3D900562E35 /* Date + Extension.swift */,
				B6927E2F2A8534D500B8BC4F /* StringHalfColor.swift */,
				B6927E352A8575D100B8BC4F /* PaddingLabel.swift */,
				882B757D2A862A6A000B3943 /* UIImage + CircularCrop.swift */,
			);
			path = Extension;
			sourceTree = "<group>";
		};
		881C06122A61E17B00184AFA /* DummyVC */ = {
			isa = PBXGroup;
			children = (
				881C06002A616FB500184AFA /* TabBarController.swift */,
				881C06042A6178F600184AFA /* HabitJoinVIewController.swift */,
				881C06022A61704000184AFA /* DummyViewController.swift */,
			);
			path = DummyVC;
			sourceTree = "<group>";
		};
		881C06242A62E66100184AFA /* DummyModel */ = {
			isa = PBXGroup;
			children = (
				881C06202A62E64F00184AFA /* SearchedUserProfile.swift */,
				881C06222A62E65B00184AFA /* SearchedHabitProfile.swift */,
				88DCCAEA2A6A5FB4003C3F15 /* SearchedText.swift */,
				88371A712A702C650056BB5A /* MemberModel.swift */,
				884835882A7109A000B73E28 /* HabitCategory.swift */,
				885026162A73C1D100974094 /* HabitCardModel.swift */,
				881D5FCA2A74324200603548 /* AlarmModel.swift */,
				B6C283412A72C7C1007FE619 /* CarouselItem.swift */,
				88FE2D392A7ED4AD00C475A7 /* HC_Category.swift */,
			);
			path = DummyModel;
			sourceTree = "<group>";
		};
		881C06252A63A4BD00184AFA /* Reusable */ = {
			isa = PBXGroup;
			children = (
				B6D87A612A8408850099005E /* WaitingMemberCollectionViewCell.swift */,
				881C06162A62826700184AFA /* ProfileImageViews.swift */,
				881C05F92A61545200184AFA /* NavigationBar.swift */,
				881C06142A62803900184AFA /* UserProfileTableViewCell.swift */,
				881C06182A62A65B00184AFA /* HabitProfileTableViewCell.swift */,
				88DCCAE82A6A5D21003C3F15 /* RecentSearchTableViewCell.swift */,
				88371A732A702D4A0056BB5A /* MemberCollectionViewCell.swift */,
				8848358E2A713DBE00B73E28 /* HabitCardCollectionViewCell.swift */,
				88A64C102A7A8CA600292ED6 /* HabitDescView.swift */,
				884835922A715D6F00B73E28 /* HorizontalPickerViewCell.swift */,
				881D5FC82A742EDF00603548 /* AlarmTableViewCell.swift */,
				88BFEC0D2A66990F004F2C11 /* CustomSegmentControlView.swift */,
				88DCCAF62A6AF43C003C3F15 /* BottomSheetView(lofi).swift */,
				B6C2833F2A72C3AC007FE619 /* CardViewCell.swift */,
				B6CAF8812A7CB2C700448673 /* CircularProgressView.swift */,
				88FE2D2B2A7ED44300C475A7 /* HabitCreateFlowButton.swift */,
				88FE2D2C2A7ED44300C475A7 /* HC_categoryCollectionViewCell.swift */,
				88BDD3272A82B84D0082A961 /* HC_MemberCollectionViewCell.swift */,
				88804CC52A7F9EBD00562E35 /* ColorToggleButton.swift */,
				B6927E332A8552AD00B8BC4F /* ParticipatingMemberViewCell.swift */,
			);
			path = Reusable;
			sourceTree = "<group>";
		};
		B64993082A5D3EDC0061C47E = {
			isa = PBXGroup;
			children = (
				B64993132A5D3EDC0061C47E /* Ourtine */,
				B64993122A5D3EDC0061C47E /* Products */,
			);
			sourceTree = "<group>";
		};
		B64993122A5D3EDC0061C47E /* Products */ = {
			isa = PBXGroup;
			children = (
				B64993112A5D3EDC0061C47E /* Ourtine.app */,
			);
			name = Products;
			sourceTree = "<group>";
		};
		B64993132A5D3EDC0061C47E /* Ourtine */ = {
			isa = PBXGroup;
			children = (
				8800A4822A7767F6004714AD /* Ourtine.entitlements */,
				881C05EF2A61439300184AFA /* Model */,
				881C05F02A61439900184AFA /* View */,
				881C05F12A6143A400184AFA /* ViewController */,
				881C05FD2A61619800184AFA /* Extension */,
				881C05F42A61477200184AFA /* Utility */,
				B64993142A5D3EDC0061C47E /* AppDelegate.swift */,
				B64993162A5D3EDC0061C47E /* SceneDelegate.swift */,
				B64993182A5D3EDC0061C47E /* ViewController.swift */,
				B649931D2A5D3EDC0061C47E /* Assets.xcassets */,
				B649931F2A5D3EDC0061C47E /* LaunchScreen.storyboard */,
				B64993222A5D3EDC0061C47E /* Info.plist */,
			);
			path = Ourtine;
			sourceTree = "<group>";
		};
/* End PBXGroup section */

/* Begin PBXNativeTarget section */
		B64993102A5D3EDC0061C47E /* Ourtine */ = {
			isa = PBXNativeTarget;
			buildConfigurationList = B64993252A5D3EDC0061C47E /* Build configuration list for PBXNativeTarget "Ourtine" */;
			buildPhases = (
				B649930D2A5D3EDC0061C47E /* Sources */,
				B649930E2A5D3EDC0061C47E /* Frameworks */,
				B649930F2A5D3EDC0061C47E /* Resources */,
			);
			buildRules = (
			);
			dependencies = (
			);
			name = Ourtine;
			packageProductDependencies = (
				B64993292A5D41E40061C47E /* SnapKit */,
				8800A4842A776886004714AD /* KakaoSDKAuth */,
				8800A4862A776886004714AD /* KakaoSDKUser */,
			);
			productName = Ourtine;
			productReference = B64993112A5D3EDC0061C47E /* Ourtine.app */;
			productType = "com.apple.product-type.application";
		};
/* End PBXNativeTarget section */

/* Begin PBXProject section */
		B64993092A5D3EDC0061C47E /* Project object */ = {
			isa = PBXProject;
			attributes = {
				BuildIndependentTargetsInParallel = 1;
				LastSwiftUpdateCheck = 1400;
				LastUpgradeCheck = 1400;
				TargetAttributes = {
					B64993102A5D3EDC0061C47E = {
						CreatedOnToolsVersion = 14.0.1;
					};
				};
			};
			buildConfigurationList = B649930C2A5D3EDC0061C47E /* Build configuration list for PBXProject "Ourtine" */;
			compatibilityVersion = "Xcode 14.0";
			developmentRegion = en;
			hasScannedForEncodings = 0;
			knownRegions = (
				en,
				Base,
			);
			mainGroup = B64993082A5D3EDC0061C47E;
			packageReferences = (
				B64993282A5D41E40061C47E /* XCRemoteSwiftPackageReference "SnapKit" */,
				8800A4832A776886004714AD /* XCRemoteSwiftPackageReference "kakao-ios-sdk" */,
			);
			productRefGroup = B64993122A5D3EDC0061C47E /* Products */;
			projectDirPath = "";
			projectRoot = "";
			targets = (
				B64993102A5D3EDC0061C47E /* Ourtine */,
			);
		};
/* End PBXProject section */

/* Begin PBXResourcesBuildPhase section */
		B649930F2A5D3EDC0061C47E /* Resources */ = {
			isa = PBXResourcesBuildPhase;
			buildActionMask = 2147483647;
			files = (
				B64993212A5D3EDC0061C47E /* LaunchScreen.storyboard in Resources */,
				B649931E2A5D3EDC0061C47E /* Assets.xcassets in Resources */,
			);
			runOnlyForDeploymentPostprocessing = 0;
		};
/* End PBXResourcesBuildPhase section */

/* Begin PBXSourcesBuildPhase section */
		B649930D2A5D3EDC0061C47E /* Sources */ = {
			isa = PBXSourcesBuildPhase;
			buildActionMask = 2147483647;
			files = (
				88804CCA2A7FFACD00562E35 /* HC_chooseDateView.swift in Sources */,
				881C06052A6178F600184AFA /* HabitJoinVIewController.swift in Sources */,
				88DCCAEB2A6A5FB4003C3F15 /* SearchedText.swift in Sources */,
				881C06172A62826700184AFA /* ProfileImageViews.swift in Sources */,
				881C06072A617C6200184AFA /* SearchResultView.swift in Sources */,
				88FE2D282A7ED3EF00C475A7 /* HC_chooseTypeView.swift in Sources */,
				881C06232A62E65B00184AFA /* SearchedHabitProfile.swift in Sources */,
				88BDD3282A82B84D0082A961 /* HC_MemberCollectionViewCell.swift in Sources */,
				881C061F2A62D94500184AFA /* UIComponents+setBackgroundColor.swift in Sources */,
				88804CC82A7FE3D900562E35 /* Date + Extension.swift in Sources */,
				88371A742A702D4A0056BB5A /* MemberCollectionViewCell.swift in Sources */,
				88FE2D362A7ED46600C475A7 /* HC_chooseTypeViewController.swift in Sources */,
				882B757A2A84EFFC000B3943 /* HabitInfoModel.swift in Sources */,
				B6D584A02A720C16008862AC /* HomeTextBoxView.swift in Sources */,
				888FB2A62A84177100930987 /* FlowDataManager.swift in Sources */,
				881C06192A62A65B00184AFA /* HabitProfileTableViewCell.swift in Sources */,
				88FE2D2A2A7ED3EF00C475A7 /* HC_chooseCategoryView.swift in Sources */,
				B6CAF8842A7CCFD200448673 /* TimelineViewController.swift in Sources */,
				B6C283402A72C3AC007FE619 /* CardViewCell.swift in Sources */,
				88BFEC0E2A66990F004F2C11 /* CustomSegmentControlView.swift in Sources */,
				882AC3BD2A78348A002AD232 /* UIImage+onlyColor.swift in Sources */,
				881D5FC72A742D0E00603548 /* HabitAlarmViewController.swift in Sources */,
				88E653992A80155D00ABF9D9 /* HC_memberCountViewController.swift in Sources */,
				881C05F32A61461D00184AFA /* SearchView.swift in Sources */,
				88371A722A702C650056BB5A /* MemberModel.swift in Sources */,
				881C061B2A62AB3C00184AFA /* UIImage(SFSymbols)+resize.swift in Sources */,
				88FE2D3A2A7ED4AD00C475A7 /* HC_Category.swift in Sources */,
				88FE2D372A7ED46600C475A7 /* HC_chooseCategoryViewController.swift in Sources */,
				88FE2D512A7EF18F00C475A7 /* TermsViewController.swift in Sources */,
				88A64C112A7A8CA600292ED6 /* HabitDescView.swift in Sources */,
				881C06212A62E64F00184AFA /* SearchedUserProfile.swift in Sources */,
				B64993192A5D3EDC0061C47E /* ViewController.swift in Sources */,
				881C06012A616FB500184AFA /* TabBarController.swift in Sources */,
				883461A12A79576B00F6519D /* DarkStatusBar_NavigationController.swift in Sources */,
				881D5FC92A742EDF00603548 /* AlarmTableViewCell.swift in Sources */,
				B6C283342A7260B9007FE619 /* CarouselViewController.swift in Sources */,
				B6394E932A86A2F30040B8FF /* CamerManager.swift in Sources */,
				B6927E322A85528300B8BC4F /* ParticipatingMemberCollectionView.swift in Sources */,
				88FE2D292A7ED3EF00C475A7 /* HC_introduceView.swift in Sources */,
				B63C63B22A7B5C0F00AF09CA /* FigmaShadow.swift in Sources */,
				88FE2D272A7ED3EF00C475A7 /* HC_chooseTimeView.swift in Sources */,
				B6927E302A8534D500B8BC4F /* StringHalfColor.swift in Sources */,
				881C06032A61704000184AFA /* DummyViewController.swift in Sources */,
				881D5FCB2A74324200603548 /* AlarmModel.swift in Sources */,
				88DCCAE92A6A5D21003C3F15 /* RecentSearchTableViewCell.swift in Sources */,
				B6D87A602A8408780099005E /* WaitingViewController.swift in Sources */,
				88A64C0F2A7A733E00292ED6 /* CALayer+addBorder.swift in Sources */,
				882B757E2A862A6A000B3943 /* UIImage + CircularCrop.swift in Sources */,
				88FE2D352A7ED46600C475A7 /* HC_introduceViewController.swift in Sources */,
				88BDD32E2A82C3760082A961 /* HC_finalView.swift in Sources */,
				88BDD3262A82B3180082A961 /* HC_selectFriendsViewController.swift in Sources */,
				88E653972A80151A00ABF9D9 /* HC_memberCountView.swift in Sources */,
				B64993152A5D3EDC0061C47E /* AppDelegate.swift in Sources */,
				881C05FC2A61560000184AFA /* SearchResultViewController.swift in Sources */,
				88371A762A702D840056BB5A /* HabitDiscoverViewController.swift in Sources */,
				881C06152A62803900184AFA /* UserProfileTableViewCell.swift in Sources */,
				B6D584A22A720DE4008862AC /* HomeViewController.swift in Sources */,
				B6927E362A8575D100B8BC4F /* PaddingLabel.swift in Sources */,
				88BDD32C2A82BEA40082A961 /* HC_noFriednsViewController.swift in Sources */,
				B6927E2E2A85344200B8BC4F /* ParticipatingViewController.swift in Sources */,
				B6927E342A8552AD00B8BC4F /* ParticipatingMemberViewCell.swift in Sources */,
				881C05FA2A61545200184AFA /* NavigationBar.swift in Sources */,
				88FE2D382A7ED46600C475A7 /* HC_chooseTimeViewController.swift in Sources */,
				88FE2D4F2A7EF18F00C475A7 /* LoginViewController.swift in Sources */,
				88804CC62A7F9EBD00562E35 /* ColorToggleButton.swift in Sources */,
				B6D87A622A8408850099005E /* WaitingMemberCollectionViewCell.swift in Sources */,
				885026172A73C1D100974094 /* HabitCardModel.swift in Sources */,
				88FE2D502A7EF18F00C475A7 /* SetUsernameViewController.swift in Sources */,
				88E2B9B42A6BBF170039CF68 /* DeviceScreenSize.swift in Sources */,
				884835932A715D6F00B73E28 /* HorizontalPickerViewCell.swift in Sources */,
				B6CAF8822A7CB2C700448673 /* CircularProgressView.swift in Sources */,
				881C05F82A6147AD00184AFA /* UIView+Preview.swift in Sources */,
				88DCCAF72A6AF43C003C3F15 /* BottomSheetView(lofi).swift in Sources */,
				B6C283422A72C7C1007FE619 /* CarouselItem.swift in Sources */,
				881D5FC52A742CC100603548 /* HabitAlarmView.swift in Sources */,
				88BDD32A2A82BE770082A961 /* HC_noFriendsView.swift in Sources */,
				88BDD3242A82B27C0082A961 /* HC_selectFriednsView.swift in Sources */,
				88804CCC2A7FFBBF00562E35 /* HC_chooseDateViewController.swift in Sources */,
				881C05F62A61479600184AFA /* UIViewController+Preview.swift in Sources */,
				881C05EE2A5FF8C900184AFA /* SearchViewController.swift in Sources */,
				88BDD3302A82C3AD0082A961 /* HC_finalViewController.swift in Sources */,
				88DA7EB12A6F6C300011AF43 /* HabitDiscoverView.swift in Sources */,
				88DCCAF32A6AF0AD003C3F15 /* SheetPresentationController.swift in Sources */,
				B63C63B02A7B4ACB00AF09CA /* LetterSpacing.swift in Sources */,
				88FE2D2D2A7ED44300C475A7 /* HabitCreateFlowButton.swift in Sources */,
				88FE2D2E2A7ED44300C475A7 /* HC_categoryCollectionViewCell.swift in Sources */,
				B64993172A5D3EDC0061C47E /* SceneDelegate.swift in Sources */,
				884835892A7109A000B73E28 /* HabitCategory.swift in Sources */,
				881C05FF2A61626500184AFA /* Color+Extension.swift in Sources */,
				8848358F2A713DBE00B73E28 /* HabitCardCollectionViewCell.swift in Sources */,
			);
			runOnlyForDeploymentPostprocessing = 0;
		};
/* End PBXSourcesBuildPhase section */

/* Begin PBXVariantGroup section */
		B649931F2A5D3EDC0061C47E /* LaunchScreen.storyboard */ = {
			isa = PBXVariantGroup;
			children = (
				B64993202A5D3EDC0061C47E /* Base */,
			);
			name = LaunchScreen.storyboard;
			sourceTree = "<group>";
		};
/* End PBXVariantGroup section */

/* Begin XCBuildConfiguration section */
		B64993232A5D3EDC0061C47E /* Debug */ = {
			isa = XCBuildConfiguration;
			buildSettings = {
				ALWAYS_SEARCH_USER_PATHS = NO;
				CLANG_ANALYZER_NONNULL = YES;
				CLANG_ANALYZER_NUMBER_OBJECT_CONVERSION = YES_AGGRESSIVE;
				CLANG_CXX_LANGUAGE_STANDARD = "gnu++20";
				CLANG_ENABLE_MODULES = YES;
				CLANG_ENABLE_OBJC_ARC = YES;
				CLANG_ENABLE_OBJC_WEAK = YES;
				CLANG_WARN_BLOCK_CAPTURE_AUTORELEASING = YES;
				CLANG_WARN_BOOL_CONVERSION = YES;
				CLANG_WARN_COMMA = YES;
				CLANG_WARN_CONSTANT_CONVERSION = YES;
				CLANG_WARN_DEPRECATED_OBJC_IMPLEMENTATIONS = YES;
				CLANG_WARN_DIRECT_OBJC_ISA_USAGE = YES_ERROR;
				CLANG_WARN_DOCUMENTATION_COMMENTS = YES;
				CLANG_WARN_EMPTY_BODY = YES;
				CLANG_WARN_ENUM_CONVERSION = YES;
				CLANG_WARN_INFINITE_RECURSION = YES;
				CLANG_WARN_INT_CONVERSION = YES;
				CLANG_WARN_NON_LITERAL_NULL_CONVERSION = YES;
				CLANG_WARN_OBJC_IMPLICIT_RETAIN_SELF = YES;
				CLANG_WARN_OBJC_LITERAL_CONVERSION = YES;
				CLANG_WARN_OBJC_ROOT_CLASS = YES_ERROR;
				CLANG_WARN_QUOTED_INCLUDE_IN_FRAMEWORK_HEADER = YES;
				CLANG_WARN_RANGE_LOOP_ANALYSIS = YES;
				CLANG_WARN_STRICT_PROTOTYPES = YES;
				CLANG_WARN_SUSPICIOUS_MOVE = YES;
				CLANG_WARN_UNGUARDED_AVAILABILITY = YES_AGGRESSIVE;
				CLANG_WARN_UNREACHABLE_CODE = YES;
				CLANG_WARN__DUPLICATE_METHOD_MATCH = YES;
				COPY_PHASE_STRIP = NO;
				DEBUG_INFORMATION_FORMAT = dwarf;
				ENABLE_STRICT_OBJC_MSGSEND = YES;
				ENABLE_TESTABILITY = YES;
				GCC_C_LANGUAGE_STANDARD = gnu11;
				GCC_DYNAMIC_NO_PIC = NO;
				GCC_NO_COMMON_BLOCKS = YES;
				GCC_OPTIMIZATION_LEVEL = 0;
				GCC_PREPROCESSOR_DEFINITIONS = (
					"DEBUG=1",
					"$(inherited)",
				);
				GCC_WARN_64_TO_32_BIT_CONVERSION = YES;
				GCC_WARN_ABOUT_RETURN_TYPE = YES_ERROR;
				GCC_WARN_UNDECLARED_SELECTOR = YES;
				GCC_WARN_UNINITIALIZED_AUTOS = YES_AGGRESSIVE;
				GCC_WARN_UNUSED_FUNCTION = YES;
				GCC_WARN_UNUSED_VARIABLE = YES;
				IPHONEOS_DEPLOYMENT_TARGET = 16.0;
				MTL_ENABLE_DEBUG_INFO = INCLUDE_SOURCE;
				MTL_FAST_MATH = YES;
				ONLY_ACTIVE_ARCH = YES;
				SDKROOT = iphoneos;
				SWIFT_ACTIVE_COMPILATION_CONDITIONS = DEBUG;
				SWIFT_OPTIMIZATION_LEVEL = "-Onone";
			};
			name = Debug;
		};
		B64993242A5D3EDC0061C47E /* Release */ = {
			isa = XCBuildConfiguration;
			buildSettings = {
				ALWAYS_SEARCH_USER_PATHS = NO;
				CLANG_ANALYZER_NONNULL = YES;
				CLANG_ANALYZER_NUMBER_OBJECT_CONVERSION = YES_AGGRESSIVE;
				CLANG_CXX_LANGUAGE_STANDARD = "gnu++20";
				CLANG_ENABLE_MODULES = YES;
				CLANG_ENABLE_OBJC_ARC = YES;
				CLANG_ENABLE_OBJC_WEAK = YES;
				CLANG_WARN_BLOCK_CAPTURE_AUTORELEASING = YES;
				CLANG_WARN_BOOL_CONVERSION = YES;
				CLANG_WARN_COMMA = YES;
				CLANG_WARN_CONSTANT_CONVERSION = YES;
				CLANG_WARN_DEPRECATED_OBJC_IMPLEMENTATIONS = YES;
				CLANG_WARN_DIRECT_OBJC_ISA_USAGE = YES_ERROR;
				CLANG_WARN_DOCUMENTATION_COMMENTS = YES;
				CLANG_WARN_EMPTY_BODY = YES;
				CLANG_WARN_ENUM_CONVERSION = YES;
				CLANG_WARN_INFINITE_RECURSION = YES;
				CLANG_WARN_INT_CONVERSION = YES;
				CLANG_WARN_NON_LITERAL_NULL_CONVERSION = YES;
				CLANG_WARN_OBJC_IMPLICIT_RETAIN_SELF = YES;
				CLANG_WARN_OBJC_LITERAL_CONVERSION = YES;
				CLANG_WARN_OBJC_ROOT_CLASS = YES_ERROR;
				CLANG_WARN_QUOTED_INCLUDE_IN_FRAMEWORK_HEADER = YES;
				CLANG_WARN_RANGE_LOOP_ANALYSIS = YES;
				CLANG_WARN_STRICT_PROTOTYPES = YES;
				CLANG_WARN_SUSPICIOUS_MOVE = YES;
				CLANG_WARN_UNGUARDED_AVAILABILITY = YES_AGGRESSIVE;
				CLANG_WARN_UNREACHABLE_CODE = YES;
				CLANG_WARN__DUPLICATE_METHOD_MATCH = YES;
				COPY_PHASE_STRIP = NO;
				DEBUG_INFORMATION_FORMAT = "dwarf-with-dsym";
				ENABLE_NS_ASSERTIONS = NO;
				ENABLE_STRICT_OBJC_MSGSEND = YES;
				GCC_C_LANGUAGE_STANDARD = gnu11;
				GCC_NO_COMMON_BLOCKS = YES;
				GCC_WARN_64_TO_32_BIT_CONVERSION = YES;
				GCC_WARN_ABOUT_RETURN_TYPE = YES_ERROR;
				GCC_WARN_UNDECLARED_SELECTOR = YES;
				GCC_WARN_UNINITIALIZED_AUTOS = YES_AGGRESSIVE;
				GCC_WARN_UNUSED_FUNCTION = YES;
				GCC_WARN_UNUSED_VARIABLE = YES;
				IPHONEOS_DEPLOYMENT_TARGET = 16.0;
				MTL_ENABLE_DEBUG_INFO = NO;
				MTL_FAST_MATH = YES;
				SDKROOT = iphoneos;
				SWIFT_COMPILATION_MODE = wholemodule;
				SWIFT_OPTIMIZATION_LEVEL = "-O";
				VALIDATE_PRODUCT = YES;
			};
			name = Release;
		};
		B64993262A5D3EDC0061C47E /* Debug */ = {
			isa = XCBuildConfiguration;
			buildSettings = {
				ASSETCATALOG_COMPILER_APPICON_NAME = AppIcon;
				ASSETCATALOG_COMPILER_GLOBAL_ACCENT_COLOR_NAME = AccentColor;
				CODE_SIGN_ENTITLEMENTS = Ourtine/Ourtine.entitlements;
				CODE_SIGN_STYLE = Automatic;
				CURRENT_PROJECT_VERSION = 1;
				DEVELOPMENT_TEAM = H278GZ4GQ7;
				GENERATE_INFOPLIST_FILE = YES;
				INFOPLIST_FILE = Ourtine/Info.plist;
				INFOPLIST_KEY_UIApplicationSupportsIndirectInputEvents = YES;
				INFOPLIST_KEY_UILaunchStoryboardName = LaunchScreen;
				INFOPLIST_KEY_UISupportedInterfaceOrientations_iPad = "UIInterfaceOrientationPortrait UIInterfaceOrientationPortraitUpsideDown UIInterfaceOrientationLandscapeLeft UIInterfaceOrientationLandscapeRight";
				INFOPLIST_KEY_UISupportedInterfaceOrientations_iPhone = "UIInterfaceOrientationPortrait UIInterfaceOrientationLandscapeLeft UIInterfaceOrientationLandscapeRight";
				LD_RUNPATH_SEARCH_PATHS = (
					"$(inherited)",
					"@executable_path/Frameworks",
				);
				MARKETING_VERSION = 1.0;
				PRODUCT_BUNDLE_IDENTIFIER = com.Alice.Ourtine;
				PRODUCT_NAME = "$(TARGET_NAME)";
				SWIFT_EMIT_LOC_STRINGS = YES;
				SWIFT_VERSION = 5.0;
				TARGETED_DEVICE_FAMILY = "1,2";
			};
			name = Debug;
		};
		B64993272A5D3EDC0061C47E /* Release */ = {
			isa = XCBuildConfiguration;
			buildSettings = {
				ASSETCATALOG_COMPILER_APPICON_NAME = AppIcon;
				ASSETCATALOG_COMPILER_GLOBAL_ACCENT_COLOR_NAME = AccentColor;
				CODE_SIGN_ENTITLEMENTS = Ourtine/Ourtine.entitlements;
				CODE_SIGN_STYLE = Automatic;
				CURRENT_PROJECT_VERSION = 1;
				DEVELOPMENT_TEAM = H278GZ4GQ7;
				GENERATE_INFOPLIST_FILE = YES;
				INFOPLIST_FILE = Ourtine/Info.plist;
				INFOPLIST_KEY_UIApplicationSupportsIndirectInputEvents = YES;
				INFOPLIST_KEY_UILaunchStoryboardName = LaunchScreen;
				INFOPLIST_KEY_UISupportedInterfaceOrientations_iPad = "UIInterfaceOrientationPortrait UIInterfaceOrientationPortraitUpsideDown UIInterfaceOrientationLandscapeLeft UIInterfaceOrientationLandscapeRight";
				INFOPLIST_KEY_UISupportedInterfaceOrientations_iPhone = "UIInterfaceOrientationPortrait UIInterfaceOrientationLandscapeLeft UIInterfaceOrientationLandscapeRight";
				LD_RUNPATH_SEARCH_PATHS = (
					"$(inherited)",
					"@executable_path/Frameworks",
				);
				MARKETING_VERSION = 1.0;
				PRODUCT_BUNDLE_IDENTIFIER = com.Alice.Ourtine;
				PRODUCT_NAME = "$(TARGET_NAME)";
				SWIFT_EMIT_LOC_STRINGS = YES;
				SWIFT_VERSION = 5.0;
				TARGETED_DEVICE_FAMILY = "1,2";
			};
			name = Release;
		};
/* End XCBuildConfiguration section */

/* Begin XCConfigurationList section */
		B649930C2A5D3EDC0061C47E /* Build configuration list for PBXProject "Ourtine" */ = {
			isa = XCConfigurationList;
			buildConfigurations = (
				B64993232A5D3EDC0061C47E /* Debug */,
				B64993242A5D3EDC0061C47E /* Release */,
			);
			defaultConfigurationIsVisible = 0;
			defaultConfigurationName = Release;
		};
		B64993252A5D3EDC0061C47E /* Build configuration list for PBXNativeTarget "Ourtine" */ = {
			isa = XCConfigurationList;
			buildConfigurations = (
				B64993262A5D3EDC0061C47E /* Debug */,
				B64993272A5D3EDC0061C47E /* Release */,
			);
			defaultConfigurationIsVisible = 0;
			defaultConfigurationName = Release;
		};
/* End XCConfigurationList section */

/* Begin XCRemoteSwiftPackageReference section */
		8800A4832A776886004714AD /* XCRemoteSwiftPackageReference "kakao-ios-sdk" */ = {
			isa = XCRemoteSwiftPackageReference;
			repositoryURL = "https://github.com/kakao/kakao-ios-sdk";
			requirement = {
				kind = upToNextMajorVersion;
				minimumVersion = 2.0.0;
			};
		};
		B64993282A5D41E40061C47E /* XCRemoteSwiftPackageReference "SnapKit" */ = {
			isa = XCRemoteSwiftPackageReference;
			repositoryURL = "https://github.com/SnapKit/SnapKit";
			requirement = {
				branch = develop;
				kind = branch;
			};
		};
/* End XCRemoteSwiftPackageReference section */

/* Begin XCSwiftPackageProductDependency section */
		8800A4842A776886004714AD /* KakaoSDKAuth */ = {
			isa = XCSwiftPackageProductDependency;
			package = 8800A4832A776886004714AD /* XCRemoteSwiftPackageReference "kakao-ios-sdk" */;
			productName = KakaoSDKAuth;
		};
		8800A4862A776886004714AD /* KakaoSDKUser */ = {
			isa = XCSwiftPackageProductDependency;
			package = 8800A4832A776886004714AD /* XCRemoteSwiftPackageReference "kakao-ios-sdk" */;
			productName = KakaoSDKUser;
		};
		B64993292A5D41E40061C47E /* SnapKit */ = {
			isa = XCSwiftPackageProductDependency;
			package = B64993282A5D41E40061C47E /* XCRemoteSwiftPackageReference "SnapKit" */;
			productName = SnapKit;
		};
/* End XCSwiftPackageProductDependency section */
	};
	rootObject = B64993092A5D3EDC0061C47E /* Project object */;
}
